# This file is autogenerated, do not edit; changes may be undone by the next 'dep ensure'.


[[projects]]
  branch = "master"
  digest = "1:89f6a965bf3faf2ade777958d259e4f078a43b4c3255979c25a5843ad2817a4d"
  name = "github.com/madflojo/hazexpired"
  packages = ["."]
  pruneopts = "UT"
  revision = "aebb706be5cedb8901b75d8505671b927ab74e23"

[solve-meta]
  analyzer-name = "dep"
  analyzer-version = 1
  input-imports = ["github.com/madflojo/hazexpired"]
  solver-name = "gps-cdcl"
  solver-version = 1
